
Microsoft Visual Studio Solution File, Format Version 12.00
# Visual Studio Version 16
VisualStudioVersion = 16.0.33529.622
MinimumVisualStudioVersion = 10.0.40219.1
Project("{9A19103F-16F7-4668-BE54-9A1E7A4F7556}") = "WWAG_RainbowEyes", "WWAG_RainbowEyes.csproj", "{46C4E8EC-8EA5-472C-A661-CBE06A33C609}"
EndProject
Global
	GlobalSection(SolutionConfigurationPlatforms) = preSolution
		Debug|Any CPU = Debug|Any CPU
		Release|Any CPU = Release|Any CPU
	EndGlobalSection
	GlobalSection(ProjectConfigurationPlatforms) = postSolution
		{46C4E8EC-8EA5-472C-A661-CBE06A33C609}.Debug|Any CPU.ActiveCfg = Debug|Any CPU
		{46C4E8EC-8EA5-472C-A661-CBE06A33C609}.Debug|Any CPU.Build.0 = Debug|Any CPU
		{46C4E8EC-8EA5-472C-A661-CBE06A33C609}.Release|Any CPU.ActiveCfg = Release|Any CPU
		{46C4E8EC-8EA5-472C-A661-CBE06A33C609}.Release|Any CPU.Build.0 = Release|Any CPU
	EndGlobalSection
	GlobalSection(SolutionProperties) = preSolution
		HideSolutionNode = FALSE
	EndGlobalSection
	GlobalSection(ExtensibilityGlobals) = postSolution
		SolutionGuid = {52977FF7-23DE-424C-BC4A-60B3D7A17CAF}
	EndGlobalSection
EndGlobal
